
Microsoft Visual Studio Solution File, Format Version 12.00
# Visual Studio Version 17
VisualStudioVersion = 17.14.36518.9
MinimumVisualStudioVersion = 10.0.40219.1
Project("{FAE04EC0-301F-11D3-BF4B-00C04F79EFBC}") = "Lab14Demo", "Lab14Demo\Lab14Demo.csproj", "{29AD602C-3688-45EC-A3D1-7322CED38D6B}"
EndProject
Project("{FAE04EC0-301F-11D3-BF4B-00C04F79EFBC}") = "DemoDataContext", "DemoDataContext\DemoDataContext.csproj", "{DC907CAE-823F-4849-BFE3-CA575E09272D}"
EndProject
Project("{FAE04EC0-301F-11D3-BF4B-00C04F79EFBC}") = "DContextInheritance", "DContextInheritance\DContextInheritance.csproj", "{754888CC-3199-4C2B-9D3F-FC1281D946E4}"
EndProject
Project("{FAE04EC0-301F-11D3-BF4B-00C04F79EFBC}") = "HybridApplicationXAMLandCSharp", "HybridApplicationXAMLandCSharp\HybridApplicationXAMLandCSharp.csproj", "{C747F569-1CE4-4AFB-B9F0-7A1077F70658}"
EndProject
Global
	GlobalSection(SolutionConfigurationPlatforms) = preSolution
		Debug|Any CPU = Debug|Any CPU
		Release|Any CPU = Release|Any CPU
	EndGlobalSection
	GlobalSection(ProjectConfigurationPlatforms) = postSolution
		{29AD602C-3688-45EC-A3D1-7322CED38D6B}.Debug|Any CPU.ActiveCfg = Debug|Any CPU
		{29AD602C-3688-45EC-A3D1-7322CED38D6B}.Debug|Any CPU.Build.0 = Debug|Any CPU
		{29AD602C-3688-45EC-A3D1-7322CED38D6B}.Release|Any CPU.ActiveCfg = Release|Any CPU
		{29AD602C-3688-45EC-A3D1-7322CED38D6B}.Release|Any CPU.Build.0 = Release|Any CPU
		{DC907CAE-823F-4849-BFE3-CA575E09272D}.Debug|Any CPU.ActiveCfg = Debug|Any CPU
		{DC907CAE-823F-4849-BFE3-CA575E09272D}.Debug|Any CPU.Build.0 = Debug|Any CPU
		{DC907CAE-823F-4849-BFE3-CA575E09272D}.Release|Any CPU.ActiveCfg = Release|Any CPU
		{DC907CAE-823F-4849-BFE3-CA575E09272D}.Release|Any CPU.Build.0 = Release|Any CPU
		{754888CC-3199-4C2B-9D3F-FC1281D946E4}.Debug|Any CPU.ActiveCfg = Debug|Any CPU
		{754888CC-3199-4C2B-9D3F-FC1281D946E4}.Debug|Any CPU.Build.0 = Debug|Any CPU
		{754888CC-3199-4C2B-9D3F-FC1281D946E4}.Release|Any CPU.ActiveCfg = Release|Any CPU
		{754888CC-3199-4C2B-9D3F-FC1281D946E4}.Release|Any CPU.Build.0 = Release|Any CPU
		{C747F569-1CE4-4AFB-B9F0-7A1077F70658}.Debug|Any CPU.ActiveCfg = Debug|Any CPU
		{C747F569-1CE4-4AFB-B9F0-7A1077F70658}.Debug|Any CPU.Build.0 = Debug|Any CPU
		{C747F569-1CE4-4AFB-B9F0-7A1077F70658}.Release|Any CPU.ActiveCfg = Release|Any CPU
		{C747F569-1CE4-4AFB-B9F0-7A1077F70658}.Release|Any CPU.Build.0 = Release|Any CPU
	EndGlobalSection
	GlobalSection(SolutionProperties) = preSolution
		HideSolutionNode = FALSE
	EndGlobalSection
	GlobalSection(ExtensibilityGlobals) = postSolution
		SolutionGuid = {69FC2C54-3EB6-4648-BD0B-986F94810D0C}
	EndGlobalSection
EndGlobal
